
Microsoft Visual Studio Solution File, Format Version 11.00
# Visual Studio 2010
Project("{8BC9CEB8-8B4A-11D0-8D11-00A0C91BC942}") = "AirPlane_Shooting.win32", "AirPlane_Shooting\proj.win32\AirPlane_Shooting.win32.vcxproj", "{764E2F0B-496C-4190-932C-8102D41B5FEC}"
EndProject
Global
	GlobalSection(SolutionConfigurationPlatforms) = preSolution
		Debug|Win32 = Debug|Win32
		Release|Win32 = Release|Win32
	EndGlobalSection
	GlobalSection(ProjectConfigurationPlatforms) = postSolution
		{764E2F0B-496C-4190-932C-8102D41B5FEC}.Debug|Win32.ActiveCfg = Debug|Win32
		{764E2F0B-496C-4190-932C-8102D41B5FEC}.Debug|Win32.Build.0 = Debug|Win32
		{764E2F0B-496C-4190-932C-8102D41B5FEC}.Release|Win32.ActiveCfg = Release|Win32
		{764E2F0B-496C-4190-932C-8102D41B5FEC}.Release|Win32.Build.0 = Release|Win32
	EndGlobalSection
	GlobalSection(SolutionProperties) = preSolution
		HideSolutionNode = FALSE
	EndGlobalSection
EndGlobal
